
Microsoft Visual Studio Solution File, Format Version 12.00
Project("{FAE04EC0-301F-11D3-BF4B-00C04F79EFBC}") = "Laboratorna_10_3", "Laboratorna_10_3\Laboratorna_10_3.csproj", "{48B0AE16-FEAC-45DC-89F1-616084807A90}"
EndProject
Project("{FAE04EC0-301F-11D3-BF4B-00C04F79EFBC}") = "Laboratorna_10_3.Tests", "Laboratorna_10_3.Tests\Laboratorna_10_3.Tests.csproj", "{2BC4484A-6C17-42AA-81AF-0E18BE882294}"
EndProject
Global
	GlobalSection(SolutionConfigurationPlatforms) = preSolution
		Debug|Any CPU = Debug|Any CPU
		Release|Any CPU = Release|Any CPU
	EndGlobalSection
	GlobalSection(ProjectConfigurationPlatforms) = postSolution
		{48B0AE16-FEAC-45DC-89F1-616084807A90}.Debug|Any CPU.ActiveCfg = Debug|Any CPU
		{48B0AE16-FEAC-45DC-89F1-616084807A90}.Debug|Any CPU.Build.0 = Debug|Any CPU
		{48B0AE16-FEAC-45DC-89F1-616084807A90}.Release|Any CPU.ActiveCfg = Release|Any CPU
		{48B0AE16-FEAC-45DC-89F1-616084807A90}.Release|Any CPU.Build.0 = Release|Any CPU
		{2BC4484A-6C17-42AA-81AF-0E18BE882294}.Debug|Any CPU.ActiveCfg = Debug|Any CPU
		{2BC4484A-6C17-42AA-81AF-0E18BE882294}.Debug|Any CPU.Build.0 = Debug|Any CPU
		{2BC4484A-6C17-42AA-81AF-0E18BE882294}.Release|Any CPU.ActiveCfg = Release|Any CPU
		{2BC4484A-6C17-42AA-81AF-0E18BE882294}.Release|Any CPU.Build.0 = Release|Any CPU
	EndGlobalSection
EndGlobal
